// !$*UTF8*$!
{
	archiveVersion = 1;
	classes = {
	};
	objectVersion = 46;
	objects = {

/* Begin PBXBuildFile section */
		5FE8DA9B1C737CF5005419D3 /* main.m in Sources */ = {isa = PBXBuildFile; fileRef = 5FE8DA9A1C737CF5005419D3 /* main.m */; };
		5FE8DA9E1C737CF5005419D3 /* AppDelegate.m in Sources */ = {isa = PBXBuildFile; fileRef = 5FE8DA9D1C737CF5005419D3 /* AppDelegate.m */; };
		5FE8DAA11C737CF5005419D3 /* ViewController.m in Sources */ = {isa = PBXBuildFile; fileRef = 5FE8DAA01C737CF5005419D3 /* ViewController.m */; };
		5FE8DAA41C737CF5005419D3 /* Main.storyboard in Resources */ = {isa = PBXBuildFile; fileRef = 5FE8DAA21C737CF5005419D3 /* Main.storyboard */; };
		5FE8DAA61C737CF5005419D3 /* Assets.xcassets in Resources */ = {isa = PBXBuildFile; fileRef = 5FE8DAA51C737CF5005419D3 /* Assets.xcassets */; };
		5FE8DAA91C737CF5005419D3 /* LaunchScreen.storyboard in Resources */ = {isa = PBXBuildFile; fileRef = 5FE8DAA71C737CF5005419D3 /* LaunchScreen.storyboard */; };
		5FE8DAB41C737CF5005419D3 /* GithubTests.m in Sources */ = {isa = PBXBuildFile; fileRef = 5FE8DAB31C737CF5005419D3 /* GithubTests.m */; };
		5FE8DABF1C737CF5005419D3 /* GithubUITests.m in Sources */ = {isa = PBXBuildFile; fileRef = 5FE8DABE1C737CF5005419D3 /* GithubUITests.m */; };
/* End PBXBuildFile section */

/* Begin PBXContainerItemProxy section */
		5FE8DAB01C737CF5005419D3 /* PBXContainerItemProxy */ = {
			isa = PBXContainerItemProxy;
			containerPortal = 5FE8DA8E1C737CF5005419D3 /* Project object */;
			proxyType = 1;
			remoteGlobalIDString = 5FE8DA951C737CF5005419D3;
			remoteInfo = Github;
		};
		5FE8DABB1C737CF5005419D3 /* PBXContainerItemProxy */ = {
			isa = PBXContainerItemProxy;
			containerPortal = 5FE8DA8E1C737CF5005419D3 /* Project object */;
			proxyType = 1;
			remoteGlobalIDString = 5FE8DA951C737CF5005419D3;
			remoteInfo = Github;
		};
/* End PBXContainerItemProxy section */

/* Begin PBXFileReference section */
		5FE8DA961C737CF5005419D3 /* Github.app */ = {isa = PBXFileReference; explicitFileType = wrapper.application; includeInIndex = 0; path = Github.app; sourceTree = BUILT_PRODUCTS_DIR; };
		5FE8DA9A1C737CF5005419D3 /* main.m */ = {isa = PBXFileReference; lastKnownFileType = sourcecode.c.objc; path = main.m; sourceTree = "<group>"; };
		5FE8DA9C1C737CF5005419D3 /* AppDelegate.h */ = {isa = PBXFileReference; lastKnownFileType = sourcecode.c.h; path = AppDelegate.h; sourceTree = "<group>"; };
		5FE8DA9D1C737CF5005419D3 /* AppDelegate.m */ = {isa = PBXFileReference; lastKnownFileType = sourcecode.c.objc; path = AppDelegate.m; sourceTree = "<group>"; };
		5FE8DA9F1C737CF5005419D3 /* ViewController.h */ = {isa = PBXFileReference; lastKnownFileType = sourcecode.c.h; path = ViewController.h; sourceTree = "<group>"; };
		5FE8DAA01C737CF5005419D3 /* ViewController.m */ = {isa = PBXFileReference; lastKnownFileType = sourcecode.c.objc; path = ViewController.m; sourceTree = "<group>"; };
		5FE8DAA31C737CF5005419D3 /* Base */ = {isa = PBXFileReference; lastKnownFileType = file.storyboard; name = Base; path = Base.lproj/Main.storyboard; sourceTree = "<group>"; };
		5FE8DAA51C737CF5005419D3 /* Assets.xcassets */ = {isa = PBXFileReference; lastKnownFileType = folder.assetcatalog; path = Assets.xcassets; sourceTree = "<group>"; };
		5FE8DAA81C737CF5005419D3 /* Base */ = {isa = PBXFileReference; lastKnownFileType = file.storyboard; name = Base; path = Base.lproj/LaunchScreen.storyboard; sourceTree = "<group>"; };
		5FE8DAAA1C737CF5005419D3 /* Info.plist */ = {isa = PBXFileReference; lastKnownFileType = text.plist.xml; path = Info.plist; sourceTree = "<group>"; };
		5FE8DAAF1C737CF5005419D3 /* GithubTests.xctest */ = {isa = PBXFileReference; explicitFileType = wrapper.cfbundle; includeInIndex = 0; path = GithubTests.xctest; sourceTree = BUILT_PRODUCTS_DIR; };
		5FE8DAB31C737CF5005419D3 /* GithubTests.m */ = {isa = PBXFileReference; lastKnownFileType = sourcecode.c.objc; path = GithubTests.m; sourceTree = "<group>"; };
		5FE8DAB51C737CF5005419D3 /* Info.plist */ = {isa = PBXFileReference; lastKnownFileType = text.plist.xml; path = Info.plist; sourceTree = "<group>"; };
		5FE8DABA1C737CF5005419D3 /* GithubUITests.xctest */ = {isa = PBXFileReference; explicitFileType = wrapper.cfbundle; includeInIndex = 0; path = GithubUITests.xctest; sourceTree = BUILT_PRODUCTS_DIR; };
		5FE8DABE1C737CF5005419D3 /* GithubUITests.m */ = {isa = PBXFileReference; lastKnownFileType = sourcecode.c.objc; path = GithubUITests.m; sourceTree = "<group>"; };
		5FE8DAC01C737CF5005419D3 /* Info.plist */ = {isa = PBXFileReference; lastKnownFileType = text.plist.xml; path = Info.plist; sourceTree = "<group>"; };
/* End PBXFileReference section */

/* Begin PBXFrameworksBuildPhase section */
		5FE8DA931C737CF5005419D3 /* Frameworks */ = {
			isa = PBXFrameworksBuildPhase;
			buildActionMask = 2147483647;
			files = (
			);
			runOnlyForDeploymentPostprocessing = 0;
		};
		5FE8DAAC1C737CF5005419D3 /* Frameworks */ = {
			isa = PBXFrameworksBuildPhase;
			buildActionMask = 2147483647;
			files = (
			);
			runOnlyForDeploymentPostprocessing = 0;
		};
		5FE8DAB71C737CF5005419D3 /* Frameworks */ = {
			isa = PBXFrameworksBuildPhase;
			buildActionMask = 2147483647;
			files = (
			);
			runOnlyForDeploymentPostprocessing = 0;
		};
/* End PBXFrameworksBuildPhase section */

/* Begin PBXGroup section */
		5FE8DA8D1C737CF5005419D3 = {
			isa = PBXGroup;
			children = (
				5FE8DA981C737CF5005419D3 /* Github */,
				5FE8DAB21C737CF5005419D3 /* GithubTests */,
				5FE8DABD1C737CF5005419D3 /* GithubUITests */,
				5FE8DA971C737CF5005419D3 /* Products */,
			);
			sourceTree = "<group>";
		};
		5FE8DA971C737CF5005419D3 /* Products */ = {
			isa = PBXGroup;
			children = (
				5FE8DA961C737CF5005419D3 /* Github.app */,
				5FE8DAAF1C737CF5005419D3 /* GithubTests.xctest */,
				5FE8DABA1C737CF5005419D3 /* GithubUITests.xctest */,
			);
			name = Products;
			sourceTree = "<group>";
		};
		5FE8DA981C737CF5005419D3 /* Github */ = {
			isa = PBXGroup;
			children = (
				5FE8DA9C1C737CF5005419D3 /* AppDelegate.h */,
				5FE8DA9D1C737CF5005419D3 /* AppDelegate.m */,
				5FE8DA9F1C737CF5005419D3 /* ViewController.h */,
				5FE8DAA01C737CF5005419D3 /* ViewController.m */,
				5FE8DAA21C737CF5005419D3 /* Main.storyboard */,
				5FE8DAA51C737CF5005419D3 /* Assets.xcassets */,
				5FE8DAA71C737CF5005419D3 /* LaunchScreen.storyboard */,
				5FE8DAAA1C737CF5005419D3 /* Info.plist */,
				5FE8DA991C737CF5005419D3 /* Supporting Files */,
			);
			path = Github;
			sourceTree = "<group>";
		};
		5FE8DA991C737CF5005419D3 /* Supporting Files */ = {
			isa = PBXGroup;
			children = (
				5FE8DA9A1C737CF5005419D3 /* main.m */,
			);
			name = "Supporting Files";
			sourceTree = "<group>";
		};
		5FE8DAB21C737CF5005419D3 /* GithubTests */ = {
			isa = PBXGroup;
			children = (
				5FE8DAB31C737CF5005419D3 /* GithubTests.m */,
				5FE8DAB51C737CF5005419D3 /* Info.plist */,
			);
			path = GithubTests;
			sourceTree = "<group>";
		};
		5FE8DABD1C737CF5005419D3 /* GithubUITests */ = {
			isa = PBXGroup;
			children = (
				5FE8DABE1C737CF5005419D3 /* GithubUITests.m */,
				5FE8DAC01C737CF5005419D3 /* Info.plist */,
			);
			path = GithubUITests;
			sourceTree = "<group>";
		};
/* End PBXGroup section */

/* Begin PBXNativeTarget section */
		5FE8DA951C737CF5005419D3 /* Github */ = {
			isa = PBXNativeTarget;
			buildConfigurationList = 5FE8DAC31C737CF5005419D3 /* Build configuration list for PBXNativeTarget "Github" */;
			buildPhases = (
				5FE8DA921C737CF5005419D3 /* Sources */,
				5FE8DA931C737CF5005419D3 /* Frameworks */,
				5FE8DA941C737CF5005419D3 /* Resources */,
			);
			buildRules = (
			);
			dependencies = (
			);
			name = Github;
			productName = Github;
			productReference = 5FE8DA961C737CF5005419D3 /* Github.app */;
			productType = "com.apple.product-type.application";
		};
		5FE8DAAE1C737CF5005419D3 /* GithubTests */ = {
			isa = PBXNativeTarget;
			buildConfigurationList = 5FE8DAC61C737CF5005419D3 /* Build configuration list for PBXNativeTarget "GithubTests" */;
			buildPhases = (
				5FE8DAAB1C737CF5005419D3 /* Sources */,
				5FE8DAAC1C737CF5005419D3 /* Frameworks */,
				5FE8DAAD1C737CF5005419D3 /* Resources */,
			);
			buildRules = (
			);
			dependencies = (
				5FE8DAB11C737CF5005419D3 /* PBXTargetDependency */,
			);
			name = GithubTests;
			productName = GithubTests;
			productReference = 5FE8DAAF1C737CF5005419D3 /* GithubTests.xctest */;
			productType = "com.apple.product-type.bundle.unit-test";
		};
		5FE8DAB91C737CF5005419D3 /* GithubUITests */ = {
			isa = PBXNativeTarget;
			buildConfigurationList = 5FE8DAC91C737CF5005419D3 /* Build configuration list for PBXNativeTarget "GithubUITests" */;
			buildPhases = (
				5FE8DAB61C737CF5005419D3 /* Sources */,
				5FE8DAB71C737CF5005419D3 /* Frameworks */,
				5FE8DAB81C737CF5005419D3 /* Resources */,
			);
			buildRules = (
			);
			dependencies = (
				5FE8DABC1C737CF5005419D3 /* PBXTargetDependency */,
			);
			name = GithubUITests;
			productName = GithubUITests;
			productReference = 5FE8DABA1C737CF5005419D3 /* GithubUITests.xctest */;
			productType = "com.apple.product-type.bundle.ui-testing";
		};
/* End PBXNativeTarget section */

/* Begin PBXProject section */
		5FE8DA8E1C737CF5005419D3 /* Project object */ = {
			isa = PBXProject;
			attributes = {
				LastUpgradeCheck = 0720;
				ORGANIZATIONNAME = Micrapps;
				TargetAttributes = {
					5FE8DA951C737CF5005419D3 = {
						CreatedOnToolsVersion = 7.2.1;
					};
					5FE8DAAE1C737CF5005419D3 = {
						CreatedOnToolsVersion = 7.2.1;
						TestTargetID = 5FE8DA951C737CF5005419D3;
					};
					5FE8DAB91C737CF5005419D3 = {
						CreatedOnToolsVersion = 7.2.1;
						TestTargetID = 5FE8DA951C737CF5005419D3;
					};
				};
			};
			buildConfigurationList = 5FE8DA911C737CF5005419D3 /* Build configuration list for PBXProject "Github" */;
			compatibilityVersion = "Xcode 3.2";
			developmentRegion = English;
			hasScannedForEncodings = 0;
			knownRegions = (
				en,
				Base,
			);
			mainGroup = 5FE8DA8D1C737CF5005419D3;
			productRefGroup = 5FE8DA971C737CF5005419D3 /* Products */;
			projectDirPath = "";
			projectRoot = "";
			targets = (
				5FE8DA951C737CF5005419D3 /* Github */,
				5FE8DAAE1C737CF5005419D3 /* GithubTests */,
				5FE8DAB91C737CF5005419D3 /* GithubUITests */,
			);
		};
/* End PBXProject section */

/* Begin PBXResourcesBuildPhase section */
		5FE8DA941C737CF5005419D3 /* Resources */ = {
			isa = PBXResourcesBuildPhase;
			buildActionMask = 2147483647;
			files = (
				5FE8DAA91C737CF5005419D3 /* LaunchScreen.storyboard in Resources */,
				5FE8DAA61C737CF5005419D3 /* Assets.xcassets in Resources */,
				5FE8DAA41C737CF5005419D3 /* Main.storyboard in Resources */,
			);
			runOnlyForDeploymentPostprocessing = 0;
		};
		5FE8DAAD1C737CF5005419D3 /* Resources */ = {
			isa = PBXResourcesBuildPhase;
			buildActionMask = 2147483647;
			files = (
			);
			runOnlyForDeploymentPostprocessing = 0;
		};
		5FE8DAB81C737CF5005419D3 /* Resources */ = {
			isa = PBXResourcesBuildPhase;
			buildActionMask = 2147483647;
			files = (
			);
			runOnlyForDeploymentPostprocessing = 0;
		};
/* End PBXResourcesBuildPhase section */

/* Begin PBXSourcesBuildPhase section */
		5FE8DA921C737CF5005419D3 /* Sources */ = {
			isa = PBXSourcesBuildPhase;
			buildActionMask = 2147483647;
			files = (
				5FE8DAA11C737CF5005419D3 /* ViewController.m in Sources */,
				5FE8DA9E1C737CF5005419D3 /* AppDelegate.m in Sources */,
				5FE8DA9B1C737CF5005419D3 /* main.m in Sources */,
			);
			runOnlyForDeploymentPostprocessing = 0;
		};
		5FE8DAAB1C737CF5005419D3 /* Sources */ = {
			isa = PBXSourcesBuildPhase;
			buildActionMask = 2147483647;
			files = (
				5FE8DAB41C737CF5005419D3 /* GithubTests.m in Sources */,
			);
			runOnlyForDeploymentPostprocessing = 0;
		};
		5FE8DAB61C737CF5005419D3 /* Sources */ = {
			isa = PBXSourcesBuildPhase;
			buildActionMask = 2147483647;
			files = (
				5FE8DABF1C737CF5005419D3 /* GithubUITests.m in Sources */,
			);
			runOnlyForDeploymentPostprocessing = 0;
		};
/* End PBXSourcesBuildPhase section */

/* Begin PBXTargetDependency section */
		5FE8DAB11C737CF5005419D3 /* PBXTargetDependency */ = {
			isa = PBXTargetDependency;
			target = 5FE8DA951C737CF5005419D3 /* Github */;
			targetProxy = 5FE8DAB01C737CF5005419D3 /* PBXContainerItemProxy */;
		};
		5FE8DABC1C737CF5005419D3 /* PBXTargetDependency */ = {
			isa = PBXTargetDependency;
			target = 5FE8DA951C737CF5005419D3 /* Github */;
			targetProxy = 5FE8DABB1C737CF5005419D3 /* PBXContainerItemProxy */;
		};
/* End PBXTargetDependency section */

/* Begin PBXVariantGroup section */
		5FE8DAA21C737CF5005419D3 /* Main.storyboard */ = {
			isa = PBXVariantGroup;
			children = (
				5FE8DAA31C737CF5005419D3 /* Base */,
			);
			name = Main.storyboard;
			sourceTree = "<group>";
		};
		5FE8DAA71C737CF5005419D3 /* LaunchScreen.storyboard */ = {
			isa = PBXVariantGroup;
			children = (
				5FE8DAA81C737CF5005419D3 /* Base */,
			);
			name = LaunchScreen.storyboard;
			sourceTree = "<group>";
		};
/* End PBXVariantGroup section */

/* Begin XCBuildConfiguration section */
		5FE8DAC11C737CF5005419D3 /* Debug */ = {
			isa = XCBuildConfiguration;
			buildSettings = {
				ALWAYS_SEARCH_USER_PATHS = NO;
				CLANG_CXX_LANGUAGE_STANDARD = "gnu++0x";
				CLANG_CXX_LIBRARY = "libc++";
				CLANG_ENABLE_MODULES = YES;
				CLANG_ENABLE_OBJC_ARC = YES;
				CLANG_WARN_BOOL_CONVERSION = YES;
				CLANG_WARN_CONSTANT_CONVERSION = YES;
				CLANG_WARN_DIRECT_OBJC_ISA_USAGE = YES_ERROR;
				CLANG_WARN_EMPTY_BODY = YES;
				CLANG_WARN_ENUM_CONVERSION = YES;
				CLANG_WARN_INT_CONVERSION = YES;
				CLANG_WARN_OBJC_ROOT_CLASS = YES_ERROR;
				CLANG_WARN_UNREACHABLE_CODE = YES;
				CLANG_WARN__DUPLICATE_METHOD_MATCH = YES;
				"CODE_SIGN_IDENTITY[sdk=iphoneos*]" = "iPhone Developer";
				COPY_PHASE_STRIP = NO;
				DEBUG_INFORMATION_FORMAT = dwarf;
				ENABLE_STRICT_OBJC_MSGSEND = YES;
				ENABLE_TESTABILITY = YES;
				GCC_C_LANGUAGE_STANDARD = gnu99;
				GCC_DYNAMIC_NO_PIC = NO;
				GCC_NO_COMMON_BLOCKS = YES;
				GCC_OPTIMIZATION_LEVEL = 0;
				GCC_PREPROCESSOR_DEFINITIONS = (
					"DEBUG=1",
					"$(inherited)",
				);
				GCC_WARN_64_TO_32_BIT_CONVERSION = YES;
				GCC_WARN_ABOUT_RETURN_TYPE = YES_ERROR;
				GCC_WARN_UNDECLARED_SELECTOR = YES;
				GCC_WARN_UNINITIALIZED_AUTOS = YES_AGGRESSIVE;
				GCC_WARN_UNUSED_FUNCTION = YES;
				GCC_WARN_UNUSED_VARIABLE = YES;
				IPHONEOS_DEPLOYMENT_TARGET = 9.2;
				MTL_ENABLE_DEBUG_INFO = YES;
				ONLY_ACTIVE_ARCH = YES;
				SDKROOT = iphoneos;
				TARGETED_DEVICE_FAMILY = "1,2";
			};
			name = Debug;
		};
		5FE8DAC21C737CF5005419D3 /* Release */ = {
			isa = XCBuildConfiguration;
			buildSettings = {
				ALWAYS_SEARCH_USER_PATHS = NO;
				CLANG_CXX_LANGUAGE_STANDARD = "gnu++0x";
				CLANG_CXX_LIBRARY = "libc++";
				CLANG_ENABLE_MODULES = YES;
				CLANG_ENABLE_OBJC_ARC = YES;
				CLANG_WARN_BOOL_CONVERSION = YES;
				CLANG_WARN_CONSTANT_CONVERSION = YES;
				CLANG_WARN_DIRECT_OBJC_ISA_USAGE = YES_ERROR;
				CLANG_WARN_EMPTY_BODY = YES;
				CLANG_WARN_ENUM_CONVERSION = YES;
				CLANG_WARN_INT_CONVERSION = YES;
				CLANG_WARN_OBJC_ROOT_CLASS = YES_ERROR;
				CLANG_WARN_UNREACHABLE_CODE = YES;
				CLANG_WARN__DUPLICATE_METHOD_MATCH = YES;
				"CODE_SIGN_IDENTITY[sdk=iphoneos*]" = "iPhone Developer";
				COPY_PHASE_STRIP = NO;
				DEBUG_INFORMATION_FORMAT = "dwarf-with-dsym";
				ENABLE_NS_ASSERTIONS = NO;
				ENABLE_STRICT_OBJC_MSGSEND = YES;
				GCC_C_LANGUAGE_STANDARD = gnu99;
				GCC_NO_COMMON_BLOCKS = YES;
				GCC_WARN_64_TO_32_BIT_CONVERSION = YES;
				GCC_WARN_ABOUT_RETURN_TYPE = YES_ERROR;
				GCC_WARN_UNDECLARED_SELECTOR = YES;
				GCC_WARN_UNINITIALIZED_AUTOS = YES_AGGRESSIVE;
				GCC_WARN_UNUSED_FUNCTION = YES;
				GCC_WARN_UNUSED_VARIABLE = YES;
				IPHONEOS_DEPLOYMENT_TARGET = 9.2;
				MTL_ENABLE_DEBUG_INFO = NO;
				SDKROOT = iphoneos;
				TARGETED_DEVICE_FAMILY = "1,2";
				VALIDATE_PRODUCT = YES;
			};
			name = Release;
		};
		5FE8DAC41C737CF5005419D3 /* Debug */ = {
			isa = XCBuildConfiguration;
			buildSettings = {
				ASSETCATALOG_COMPILER_APPICON_NAME = AppIcon;
				INFOPLIST_FILE = Github/Info.plist;
				LD_RUNPATH_SEARCH_PATHS = "$(inherited) @executable_path/Frameworks";
				PRODUCT_BUNDLE_IDENTIFIER = com.microapps.Github;
				PRODUCT_NAME = "$(TARGET_NAME)";
			};
			name = Debug;
		};
		5FE8DAC51C737CF5005419D3 /* Release */ = {
			isa = XCBuildConfiguration;
			buildSettings = {
				ASSETCATALOG_COMPILER_APPICON_NAME = AppIcon;
				INFOPLIST_FILE = Github/Info.plist;
				LD_RUNPATH_SEARCH_PATHS = "$(inherited) @executable_path/Frameworks";
				PRODUCT_BUNDLE_IDENTIFIER = com.microapps.Github;
				PRODUCT_NAME = "$(TARGET_NAME)";
			};
			name = Release;
		};
		5FE8DAC71C737CF5005419D3 /* Debug */ = {
			isa = XCBuildConfiguration;
			buildSettings = {
				BUNDLE_LOADER = "$(TEST_HOST)";
				INFOPLIST_FILE = GithubTests/Info.plist;
				LD_RUNPATH_SEARCH_PATHS = "$(inherited) @executable_path/Frameworks @loader_path/Frameworks";
				PRODUCT_BUNDLE_IDENTIFIER = com.microapps.GithubTests;
				PRODUCT_NAME = "$(TARGET_NAME)";
				TEST_HOST = "$(BUILT_PRODUCTS_DIR)/Github.app/Github";
			};
			name = Debug;
		};
		5FE8DAC81C737CF5005419D3 /* Release */ = {
			isa = XCBuildConfiguration;
			buildSettings = {
				BUNDLE_LOADER = "$(TEST_HOST)";
				INFOPLIST_FILE = GithubTests/Info.plist;
				LD_RUNPATH_SEARCH_PATHS = "$(inherited) @executable_path/Frameworks @loader_path/Frameworks";
				PRODUCT_BUNDLE_IDENTIFIER = com.microapps.GithubTests;
				PRODUCT_NAME = "$(TARGET_NAME)";
				TEST_HOST = "$(BUILT_PRODUCTS_DIR)/Github.app/Github";
			};
			name = Release;
		};
		5FE8DACA1C737CF5005419D3 /* Debug */ = {
			isa = XCBuildConfiguration;
			buildSettings = {
				INFOPLIST_FILE = GithubUITests/Info.plist;
				LD_RUNPATH_SEARCH_PATHS = "$(inherited) @executable_path/Frameworks @loader_path/Frameworks";
				PRODUCT_BUNDLE_IDENTIFIER = com.microapps.GithubUITests;
				PRODUCT_NAME = "$(TARGET_NAME)";
				TEST_TARGET_NAME = Github;
				USES_XCTRUNNER = YES;
			};
			name = Debug;
		};
		5FE8DACB1C737CF5005419D3 /* Release */ = {
			isa = XCBuildConfiguration;
			buildSettings = {
				INFOPLIST_FILE = GithubUITests/Info.plist;
				LD_RUNPATH_SEARCH_PATHS = "$(inherited) @executable_path/Frameworks @loader_path/Frameworks";
				PRODUCT_BUNDLE_IDENTIFIER = com.microapps.GithubUITests;
				PRODUCT_NAME = "$(TARGET_NAME)";
				TEST_TARGET_NAME = Github;
				USES_XCTRUNNER = YES;
			};
			name = Release;
		};
/* End XCBuildConfiguration section */

/* Begin XCConfigurationList section */
		5FE8DA911C737CF5005419D3 /* Build configuration list for PBXProject "Github" */ = {
			isa = XCConfigurationList;
			buildConfigurations = (
				5FE8DAC11C737CF5005419D3 /* Debug */,
				5FE8DAC21C737CF5005419D3 /* Release */,
			);
			defaultConfigurationIsVisible = 0;
			defaultConfigurationName = Release;
		};
		5FE8DAC31C737CF5005419D3 /* Build configuration list for PBXNativeTarget "Github" */ = {
			isa = XCConfigurationList;
			buildConfigurations = (
				5FE8DAC41C737CF5005419D3 /* Debug */,
				5FE8DAC51C737CF5005419D3 /* Release */,
			);
			defaultConfigurationIsVisible = 0;
		};
		5FE8DAC61C737CF5005419D3 /* Build configuration list for PBXNativeTarget "GithubTests" */ = {
			isa = XCConfigurationList;
			buildConfigurations = (
				5FE8DAC71C737CF5005419D3 /* Debug */,
				5FE8DAC81C737CF5005419D3 /* Release */,
			);
			defaultConfigurationIsVisible = 0;
		};
		5FE8DAC91C737CF5005419D3 /* Build configuration list for PBXNativeTarget "GithubUITests" */ = {
			isa = XCConfigurationList;
			buildConfigurations = (
				5FE8DACA1C737CF5005419D3 /* Debug */,
				5FE8DACB1C737CF5005419D3 /* Release */,
			);
			defaultConfigurationIsVisible = 0;
		};
/* End XCConfigurationList section */
	};
	rootObject = 5FE8DA8E1C737CF5005419D3 /* Project object */;
}
